// !$*UTF8*$!
{
	archiveVersion = 1;
	classes = {
	};
	objectVersion = 46;
	objects = {

/* Begin PBXBuildFile section */
		1F3C973518FC3B080029D725 /* Foundation.framework in Frameworks */ = {isa = PBXBuildFile; fileRef = 1F3C973418FC3B080029D725 /* Foundation.framework */; };
		1F3C973718FC3B080029D725 /* CoreGraphics.framework in Frameworks */ = {isa = PBXBuildFile; fileRef = 1F3C973618FC3B080029D725 /* CoreGraphics.framework */; };
		1F3C973918FC3B080029D725 /* UIKit.framework in Frameworks */ = {isa = PBXBuildFile; fileRef = 1F3C973818FC3B080029D725 /* UIKit.framework */; };
		1F3C973F18FC3B080029D725 /* InfoPlist.strings in Resources */ = {isa = PBXBuildFile; fileRef = 1F3C973D18FC3B080029D725 /* InfoPlist.strings */; };
		1F3C974118FC3B080029D725 /* main.m in Sources */ = {isa = PBXBuildFile; fileRef = 1F3C974018FC3B080029D725 /* main.m */; };
		1F3C974518FC3B080029D725 /* BTAppDelegate.m in Sources */ = {isa = PBXBuildFile; fileRef = 1F3C974418FC3B080029D725 /* BTAppDelegate.m */; };
		1F3C974718FC3B080029D725 /* Images.xcassets in Resources */ = {isa = PBXBuildFile; fileRef = 1F3C974618FC3B080029D725 /* Images.xcassets */; };
		1F3C974E18FC3B080029D725 /* XCTest.framework in Frameworks */ = {isa = PBXBuildFile; fileRef = 1F3C974D18FC3B080029D725 /* XCTest.framework */; };
		1F3C974F18FC3B080029D725 /* Foundation.framework in Frameworks */ = {isa = PBXBuildFile; fileRef = 1F3C973418FC3B080029D725 /* Foundation.framework */; };
		1F3C975018FC3B080029D725 /* UIKit.framework in Frameworks */ = {isa = PBXBuildFile; fileRef = 1F3C973818FC3B080029D725 /* UIKit.framework */; };
		1F3C975818FC3B080029D725 /* InfoPlist.strings in Resources */ = {isa = PBXBuildFile; fileRef = 1F3C975618FC3B080029D725 /* InfoPlist.strings */; };
		1F3C975A18FC3B080029D725 /* BlurWithTimerAndMaskTestTests.m in Sources */ = {isa = PBXBuildFile; fileRef = 1F3C975918FC3B080029D725 /* BlurWithTimerAndMaskTestTests.m */; };
		1F3C976F18FC48330029D725 /* UIView+ViewEffects.m in Sources */ = {isa = PBXBuildFile; fileRef = 1F3C976E18FC48330029D725 /* UIView+ViewEffects.m */; };
		1F3C977218FC49620029D725 /* UIImage+ImageEffects.m in Sources */ = {isa = PBXBuildFile; fileRef = 1F3C977118FC49620029D725 /* UIImage+ImageEffects.m */; };
		1F3C977818FC530B0029D725 /* BTCodeVC.m in Sources */ = {isa = PBXBuildFile; fileRef = 1F3C977718FC530B0029D725 /* BTCodeVC.m */; };
		1F3C977A18FC582E0029D725 /* ala3.jpg in Resources */ = {isa = PBXBuildFile; fileRef = 1F3C977918FC582E0029D725 /* ala3.jpg */; };
/* End PBXBuildFile section */

/* Begin PBXContainerItemProxy section */
		1F3C975118FC3B080029D725 /* PBXContainerItemProxy */ = {
			isa = PBXContainerItemProxy;
			containerPortal = 1F3C972918FC3B080029D725 /* Project object */;
			proxyType = 1;
			remoteGlobalIDString = 1F3C973018FC3B080029D725;
			remoteInfo = BlurWithTimerAndMaskTest;
		};
/* End PBXContainerItemProxy section */

/* Begin PBXFileReference section */
		1F3C973118FC3B080029D725 /* BlurWithTimerAndMaskTest.app */ = {isa = PBXFileReference; explicitFileType = wrapper.application; includeInIndex = 0; path = BlurWithTimerAndMaskTest.app; sourceTree = BUILT_PRODUCTS_DIR; };
		1F3C973418FC3B080029D725 /* Foundation.framework */ = {isa = PBXFileReference; lastKnownFileType = wrapper.framework; name = Foundation.framework; path = System/Library/Frameworks/Foundation.framework; sourceTree = SDKROOT; };
		1F3C973618FC3B080029D725 /* CoreGraphics.framework */ = {isa = PBXFileReference; lastKnownFileType = wrapper.framework; name = CoreGraphics.framework; path = System/Library/Frameworks/CoreGraphics.framework; sourceTree = SDKROOT; };
		1F3C973818FC3B080029D725 /* UIKit.framework */ = {isa = PBXFileReference; lastKnownFileType = wrapper.framework; name = UIKit.framework; path = System/Library/Frameworks/UIKit.framework; sourceTree = SDKROOT; };
		1F3C973C18FC3B080029D725 /* BlurWithTimerAndMaskTest-Info.plist */ = {isa = PBXFileReference; lastKnownFileType = text.plist.xml; path = "BlurWithTimerAndMaskTest-Info.plist"; sourceTree = "<group>"; };
		1F3C973E18FC3B080029D725 /* en */ = {isa = PBXFileReference; lastKnownFileType = text.plist.strings; name = en; path = en.lproj/InfoPlist.strings; sourceTree = "<group>"; };
		1F3C974018FC3B080029D725 /* main.m */ = {isa = PBXFileReference; lastKnownFileType = sourcecode.c.objc; path = main.m; sourceTree = "<group>"; };
		1F3C974218FC3B080029D725 /* BlurWithTimerAndMaskTest-Prefix.pch */ = {isa = PBXFileReference; lastKnownFileType = sourcecode.c.h; path = "BlurWithTimerAndMaskTest-Prefix.pch"; sourceTree = "<group>"; };
		1F3C974318FC3B080029D725 /* BTAppDelegate.h */ = {isa = PBXFileReference; lastKnownFileType = sourcecode.c.h; path = BTAppDelegate.h; sourceTree = "<group>"; };
		1F3C974418FC3B080029D725 /* BTAppDelegate.m */ = {isa = PBXFileReference; lastKnownFileType = sourcecode.c.objc; path = BTAppDelegate.m; sourceTree = "<group>"; };
		1F3C974618FC3B080029D725 /* Images.xcassets */ = {isa = PBXFileReference; lastKnownFileType = folder.assetcatalog; path = Images.xcassets; sourceTree = "<group>"; };
		1F3C974C18FC3B080029D725 /* BlurWithTimerAndMaskTestTests.xctest */ = {isa = PBXFileReference; explicitFileType = wrapper.cfbundle; includeInIndex = 0; path = BlurWithTimerAndMaskTestTests.xctest; sourceTree = BUILT_PRODUCTS_DIR; };
		1F3C974D18FC3B080029D725 /* XCTest.framework */ = {isa = PBXFileReference; lastKnownFileType = wrapper.framework; name = XCTest.framework; path = Library/Frameworks/XCTest.framework; sourceTree = DEVELOPER_DIR; };
		1F3C975518FC3B080029D725 /* BlurWithTimerAndMaskTestTests-Info.plist */ = {isa = PBXFileReference; lastKnownFileType = text.plist.xml; path = "BlurWithTimerAndMaskTestTests-Info.plist"; sourceTree = "<group>"; };
		1F3C975718FC3B080029D725 /* en */ = {isa = PBXFileReference; lastKnownFileType = text.plist.strings; name = en; path = en.lproj/InfoPlist.strings; sourceTree = "<group>"; };
		1F3C975918FC3B080029D725 /* BlurWithTimerAndMaskTestTests.m */ = {isa = PBXFileReference; lastKnownFileType = sourcecode.c.objc; path = BlurWithTimerAndMaskTestTests.m; sourceTree = "<group>"; };
		1F3C976D18FC48330029D725 /* UIView+ViewEffects.h */ = {isa = PBXFileReference; fileEncoding = 4; lastKnownFileType = sourcecode.c.h; path = "UIView+ViewEffects.h"; sourceTree = "<group>"; };
		1F3C976E18FC48330029D725 /* UIView+ViewEffects.m */ = {isa = PBXFileReference; fileEncoding = 4; lastKnownFileType = sourcecode.c.objc; path = "UIView+ViewEffects.m"; sourceTree = "<group>"; };
		1F3C977018FC49620029D725 /* UIImage+ImageEffects.h */ = {isa = PBXFileReference; fileEncoding = 4; lastKnownFileType = sourcecode.c.h; path = "UIImage+ImageEffects.h"; sourceTree = "<group>"; };
		1F3C977118FC49620029D725 /* UIImage+ImageEffects.m */ = {isa = PBXFileReference; fileEncoding = 4; lastKnownFileType = sourcecode.c.objc; path = "UIImage+ImageEffects.m"; sourceTree = "<group>"; };
		1F3C977618FC530B0029D725 /* BTCodeVC.h */ = {isa = PBXFileReference; fileEncoding = 4; lastKnownFileType = sourcecode.c.h; path = BTCodeVC.h; sourceTree = "<group>"; };
		1F3C977718FC530B0029D725 /* BTCodeVC.m */ = {isa = PBXFileReference; fileEncoding = 4; lastKnownFileType = sourcecode.c.objc; path = BTCodeVC.m; sourceTree = "<group>"; };
		1F3C977918FC582E0029D725 /* ala3.jpg */ = {isa = PBXFileReference; lastKnownFileType = image.jpeg; path = ala3.jpg; sourceTree = "<group>"; };
/* End PBXFileReference section */

/* Begin PBXFrameworksBuildPhase section */
		1F3C972E18FC3B080029D725 /* Frameworks */ = {
			isa = PBXFrameworksBuildPhase;
			buildActionMask = 2147483647;
			files = (
				1F3C973718FC3B080029D725 /* CoreGraphics.framework in Frameworks */,
				1F3C973918FC3B080029D725 /* UIKit.framework in Frameworks */,
				1F3C973518FC3B080029D725 /* Foundation.framework in Frameworks */,
			);
			runOnlyForDeploymentPostprocessing = 0;
		};
		1F3C974918FC3B080029D725 /* Frameworks */ = {
			isa = PBXFrameworksBuildPhase;
			buildActionMask = 2147483647;
			files = (
				1F3C974E18FC3B080029D725 /* XCTest.framework in Frameworks */,
				1F3C975018FC3B080029D725 /* UIKit.framework in Frameworks */,
				1F3C974F18FC3B080029D725 /* Foundation.framework in Frameworks */,
			);
			runOnlyForDeploymentPostprocessing = 0;
		};
/* End PBXFrameworksBuildPhase section */

/* Begin PBXGroup section */
		1F3C972818FC3B080029D725 = {
			isa = PBXGroup;
			children = (
				1F3C973A18FC3B080029D725 /* BlurWithTimerAndMaskTest */,
				1F3C975318FC3B080029D725 /* BlurWithTimerAndMaskTestTests */,
				1F3C973318FC3B080029D725 /* Frameworks */,
				1F3C973218FC3B080029D725 /* Products */,
			);
			sourceTree = "<group>";
		};
		1F3C973218FC3B080029D725 /* Products */ = {
			isa = PBXGroup;
			children = (
				1F3C973118FC3B080029D725 /* BlurWithTimerAndMaskTest.app */,
				1F3C974C18FC3B080029D725 /* BlurWithTimerAndMaskTestTests.xctest */,
			);
			name = Products;
			sourceTree = "<group>";
		};
		1F3C973318FC3B080029D725 /* Frameworks */ = {
			isa = PBXGroup;
			children = (
				1F3C973418FC3B080029D725 /* Foundation.framework */,
				1F3C973618FC3B080029D725 /* CoreGraphics.framework */,
				1F3C973818FC3B080029D725 /* UIKit.framework */,
				1F3C974D18FC3B080029D725 /* XCTest.framework */,
			);
			name = Frameworks;
			sourceTree = "<group>";
		};
		1F3C973A18FC3B080029D725 /* BlurWithTimerAndMaskTest */ = {
			isa = PBXGroup;
			children = (
				1F3C974318FC3B080029D725 /* BTAppDelegate.h */,
				1F3C974418FC3B080029D725 /* BTAppDelegate.m */,
				1F3C977618FC530B0029D725 /* BTCodeVC.h */,
				1F3C977718FC530B0029D725 /* BTCodeVC.m */,
				1F3C976D18FC48330029D725 /* UIView+ViewEffects.h */,
				1F3C976E18FC48330029D725 /* UIView+ViewEffects.m */,
				1F3C977018FC49620029D725 /* UIImage+ImageEffects.h */,
				1F3C977118FC49620029D725 /* UIImage+ImageEffects.m */,
				1F3C974618FC3B080029D725 /* Images.xcassets */,
				1F3C973B18FC3B080029D725 /* Supporting Files */,
			);
			path = BlurWithTimerAndMaskTest;
			sourceTree = "<group>";
		};
		1F3C973B18FC3B080029D725 /* Supporting Files */ = {
			isa = PBXGroup;
			children = (
				1F3C976818FC3D430029D725 /* images */,
				1F3C973C18FC3B080029D725 /* BlurWithTimerAndMaskTest-Info.plist */,
				1F3C973D18FC3B080029D725 /* InfoPlist.strings */,
				1F3C974018FC3B080029D725 /* main.m */,
				1F3C974218FC3B080029D725 /* BlurWithTimerAndMaskTest-Prefix.pch */,
			);
			name = "Supporting Files";
			sourceTree = "<group>";
		};
		1F3C975318FC3B080029D725 /* BlurWithTimerAndMaskTestTests */ = {
			isa = PBXGroup;
			children = (
				1F3C975918FC3B080029D725 /* BlurWithTimerAndMaskTestTests.m */,
				1F3C975418FC3B080029D725 /* Supporting Files */,
			);
			path = BlurWithTimerAndMaskTestTests;
			sourceTree = "<group>";
		};
		1F3C975418FC3B080029D725 /* Supporting Files */ = {
			isa = PBXGroup;
			children = (
				1F3C975518FC3B080029D725 /* BlurWithTimerAndMaskTestTests-Info.plist */,
				1F3C975618FC3B080029D725 /* InfoPlist.strings */,
			);
			name = "Supporting Files";
			sourceTree = "<group>";
		};
		1F3C976818FC3D430029D725 /* images */ = {
			isa = PBXGroup;
			children = (
				1F3C977918FC582E0029D725 /* ala3.jpg */,
			);
			name = images;
			sourceTree = "<group>";
		};
/* End PBXGroup section */

/* Begin PBXNativeTarget section */
		1F3C973018FC3B080029D725 /* BlurWithTimerAndMaskTest */ = {
			isa = PBXNativeTarget;
			buildConfigurationList = 1F3C975D18FC3B080029D725 /* Build configuration list for PBXNativeTarget "BlurWithTimerAndMaskTest" */;
			buildPhases = (
				1F3C972D18FC3B080029D725 /* Sources */,
				1F3C972E18FC3B080029D725 /* Frameworks */,
				1F3C972F18FC3B080029D725 /* Resources */,
			);
			buildRules = (
			);
			dependencies = (
			);
			name = BlurWithTimerAndMaskTest;
			productName = BlurWithTimerAndMaskTest;
			productReference = 1F3C973118FC3B080029D725 /* BlurWithTimerAndMaskTest.app */;
			productType = "com.apple.product-type.application";
		};
		1F3C974B18FC3B080029D725 /* BlurWithTimerAndMaskTestTests */ = {
			isa = PBXNativeTarget;
			buildConfigurationList = 1F3C976018FC3B080029D725 /* Build configuration list for PBXNativeTarget "BlurWithTimerAndMaskTestTests" */;
			buildPhases = (
				1F3C974818FC3B080029D725 /* Sources */,
				1F3C974918FC3B080029D725 /* Frameworks */,
				1F3C974A18FC3B080029D725 /* Resources */,
			);
			buildRules = (
			);
			dependencies = (
				1F3C975218FC3B080029D725 /* PBXTargetDependency */,
			);
			name = BlurWithTimerAndMaskTestTests;
			productName = BlurWithTimerAndMaskTestTests;
			productReference = 1F3C974C18FC3B080029D725 /* BlurWithTimerAndMaskTestTests.xctest */;
			productType = "com.apple.product-type.bundle.unit-test";
		};
/* End PBXNativeTarget section */

/* Begin PBXProject section */
		1F3C972918FC3B080029D725 /* Project object */ = {
			isa = PBXProject;
			attributes = {
				CLASSPREFIX = BT;
				LastUpgradeCheck = 0510;
				ORGANIZATIONNAME = "Lukasz Indyk";
				TargetAttributes = {
					1F3C974B18FC3B080029D725 = {
						TestTargetID = 1F3C973018FC3B080029D725;
					};
				};
			};
			buildConfigurationList = 1F3C972C18FC3B080029D725 /* Build configuration list for PBXProject "BlurWithTimerAndMaskTest" */;
			compatibilityVersion = "Xcode 3.2";
			developmentRegion = English;
			hasScannedForEncodings = 0;
			knownRegions = (
				en,
			);
			mainGroup = 1F3C972818FC3B080029D725;
			productRefGroup = 1F3C973218FC3B080029D725 /* Products */;
			projectDirPath = "";
			projectRoot = "";
			targets = (
				1F3C973018FC3B080029D725 /* BlurWithTimerAndMaskTest */,
				1F3C974B18FC3B080029D725 /* BlurWithTimerAndMaskTestTests */,
			);
		};
/* End PBXProject section */

/* Begin PBXResourcesBuildPhase section */
		1F3C972F18FC3B080029D725 /* Resources */ = {
			isa = PBXResourcesBuildPhase;
			buildActionMask = 2147483647;
			files = (
				1F3C977A18FC582E0029D725 /* ala3.jpg in Resources */,
				1F3C973F18FC3B080029D725 /* InfoPlist.strings in Resources */,
				1F3C974718FC3B080029D725 /* Images.xcassets in Resources */,
			);
			runOnlyForDeploymentPostprocessing = 0;
		};
		1F3C974A18FC3B080029D725 /* Resources */ = {
			isa = PBXResourcesBuildPhase;
			buildActionMask = 2147483647;
			files = (
				1F3C975818FC3B080029D725 /* InfoPlist.strings in Resources */,
			);
			runOnlyForDeploymentPostprocessing = 0;
		};
/* End PBXResourcesBuildPhase section */

/* Begin PBXSourcesBuildPhase section */
		1F3C972D18FC3B080029D725 /* Sources */ = {
			isa = PBXSourcesBuildPhase;
			buildActionMask = 2147483647;
			files = (
				1F3C974518FC3B080029D725 /* BTAppDelegate.m in Sources */,
				1F3C977218FC49620029D725 /* UIImage+ImageEffects.m in Sources */,
				1F3C977818FC530B0029D725 /* BTCodeVC.m in Sources */,
				1F3C976F18FC48330029D725 /* UIView+ViewEffects.m in Sources */,
				1F3C974118FC3B080029D725 /* main.m in Sources */,
			);
			runOnlyForDeploymentPostprocessing = 0;
		};
		1F3C974818FC3B080029D725 /* Sources */ = {
			isa = PBXSourcesBuildPhase;
			buildActionMask = 2147483647;
			files = (
				1F3C975A18FC3B080029D725 /* BlurWithTimerAndMaskTestTests.m in Sources */,
			);
			runOnlyForDeploymentPostprocessing = 0;
		};
/* End PBXSourcesBuildPhase section */

/* Begin PBXTargetDependency section */
		1F3C975218FC3B080029D725 /* PBXTargetDependency */ = {
			isa = PBXTargetDependency;
			target = 1F3C973018FC3B080029D725 /* BlurWithTimerAndMaskTest */;
			targetProxy = 1F3C975118FC3B080029D725 /* PBXContainerItemProxy */;
		};
/* End PBXTargetDependency section */

/* Begin PBXVariantGroup section */
		1F3C973D18FC3B080029D725 /* InfoPlist.strings */ = {
			isa = PBXVariantGroup;
			children = (
				1F3C973E18FC3B080029D725 /* en */,
			);
			name = InfoPlist.strings;
			sourceTree = "<group>";
		};
		1F3C975618FC3B080029D725 /* InfoPlist.strings */ = {
			isa = PBXVariantGroup;
			children = (
				1F3C975718FC3B080029D725 /* en */,
			);
			name = InfoPlist.strings;
			sourceTree = "<group>";
		};
/* End PBXVariantGroup section */

/* Begin XCBuildConfiguration section */
		1F3C975B18FC3B080029D725 /* Debug */ = {
			isa = XCBuildConfiguration;
			buildSettings = {
				ALWAYS_SEARCH_USER_PATHS = NO;
				CLANG_CXX_LANGUAGE_STANDARD = "gnu++0x";
				CLANG_CXX_LIBRARY = "libc++";
				CLANG_ENABLE_MODULES = YES;
				CLANG_ENABLE_OBJC_ARC = YES;
				CLANG_WARN_BOOL_CONVERSION = YES;
				CLANG_WARN_CONSTANT_CONVERSION = YES;
				CLANG_WARN_DIRECT_OBJC_ISA_USAGE = YES_ERROR;
				CLANG_WARN_EMPTY_BODY = YES;
				CLANG_WARN_ENUM_CONVERSION = YES;
				CLANG_WARN_INT_CONVERSION = YES;
				CLANG_WARN_OBJC_ROOT_CLASS = YES_ERROR;
				CLANG_WARN__DUPLICATE_METHOD_MATCH = YES;
				"CODE_SIGN_IDENTITY[sdk=iphoneos*]" = "iPhone Developer";
				COPY_PHASE_STRIP = NO;
				GCC_C_LANGUAGE_STANDARD = gnu99;
				GCC_DYNAMIC_NO_PIC = NO;
				GCC_OPTIMIZATION_LEVEL = 0;
				GCC_PREPROCESSOR_DEFINITIONS = (
					"DEBUG=1",
					"$(inherited)",
				);
				GCC_SYMBOLS_PRIVATE_EXTERN = NO;
				GCC_WARN_64_TO_32_BIT_CONVERSION = YES;
				GCC_WARN_ABOUT_RETURN_TYPE = YES_ERROR;
				GCC_WARN_UNDECLARED_SELECTOR = YES;
				GCC_WARN_UNINITIALIZED_AUTOS = YES_AGGRESSIVE;
				GCC_WARN_UNUSED_FUNCTION = YES;
				GCC_WARN_UNUSED_VARIABLE = YES;
				IPHONEOS_DEPLOYMENT_TARGET = 7.1;
				ONLY_ACTIVE_ARCH = YES;
				SDKROOT = iphoneos;
			};
			name = Debug;
		};
		1F3C975C18FC3B080029D725 /* Release */ = {
			isa = XCBuildConfiguration;
			buildSettings = {
				ALWAYS_SEARCH_USER_PATHS = NO;
				CLANG_CXX_LANGUAGE_STANDARD = "gnu++0x";
				CLANG_CXX_LIBRARY = "libc++";
				CLANG_ENABLE_MODULES = YES;
				CLANG_ENABLE_OBJC_ARC = YES;
				CLANG_WARN_BOOL_CONVERSION = YES;
				CLANG_WARN_CONSTANT_CONVERSION = YES;
				CLANG_WARN_DIRECT_OBJC_ISA_USAGE = YES_ERROR;
				CLANG_WARN_EMPTY_BODY = YES;
				CLANG_WARN_ENUM_CONVERSION = YES;
				CLANG_WARN_INT_CONVERSION = YES;
				CLANG_WARN_OBJC_ROOT_CLASS = YES_ERROR;
				CLANG_WARN__DUPLICATE_METHOD_MATCH = YES;
				"CODE_SIGN_IDENTITY[sdk=iphoneos*]" = "iPhone Developer";
				COPY_PHASE_STRIP = YES;
				ENABLE_NS_ASSERTIONS = NO;
				GCC_C_LANGUAGE_STANDARD = gnu99;
				GCC_WARN_64_TO_32_BIT_CONVERSION = YES;
				GCC_WARN_ABOUT_RETURN_TYPE = YES_ERROR;
				GCC_WARN_UNDECLARED_SELECTOR = YES;
				GCC_WARN_UNINITIALIZED_AUTOS = YES_AGGRESSIVE;
				GCC_WARN_UNUSED_FUNCTION = YES;
				GCC_WARN_UNUSED_VARIABLE = YES;
				IPHONEOS_DEPLOYMENT_TARGET = 7.1;
				SDKROOT = iphoneos;
				VALIDATE_PRODUCT = YES;
			};
			name = Release;
		};
		1F3C975E18FC3B080029D725 /* Debug */ = {
			isa = XCBuildConfiguration;
			buildSettings = {
				ASSETCATALOG_COMPILER_APPICON_NAME = AppIcon;
				ASSETCATALOG_COMPILER_LAUNCHIMAGE_NAME = LaunchImage;
				GCC_PRECOMPILE_PREFIX_HEADER = YES;
				GCC_PREFIX_HEADER = "BlurWithTimerAndMaskTest/BlurWithTimerAndMaskTest-Prefix.pch";
				INFOPLIST_FILE = "BlurWithTimerAndMaskTest/BlurWithTimerAndMaskTest-Info.plist";
				PRODUCT_NAME = "$(TARGET_NAME)";
				WRAPPER_EXTENSION = app;
			};
			name = Debug;
		};
		1F3C975F18FC3B080029D725 /* Release */ = {
			isa = XCBuildConfiguration;
			buildSettings = {
				ASSETCATALOG_COMPILER_APPICON_NAME = AppIcon;
				ASSETCATALOG_COMPILER_LAUNCHIMAGE_NAME = LaunchImage;
				GCC_PRECOMPILE_PREFIX_HEADER = YES;
				GCC_PREFIX_HEADER = "BlurWithTimerAndMaskTest/BlurWithTimerAndMaskTest-Prefix.pch";
				INFOPLIST_FILE = "BlurWithTimerAndMaskTest/BlurWithTimerAndMaskTest-Info.plist";
				PRODUCT_NAME = "$(TARGET_NAME)";
				WRAPPER_EXTENSION = app;
			};
			name = Release;
		};
		1F3C976118FC3B080029D725 /* Debug */ = {
			isa = XCBuildConfiguration;
			buildSettings = {
				BUNDLE_LOADER = "$(BUILT_PRODUCTS_DIR)/BlurWithTimerAndMaskTest.app/BlurWithTimerAndMaskTest";
				FRAMEWORK_SEARCH_PATHS = (
					"$(SDKROOT)/Developer/Library/Frameworks",
					"$(inherited)",
					"$(DEVELOPER_FRAMEWORKS_DIR)",
				);
				GCC_PRECOMPILE_PREFIX_HEADER = YES;
				GCC_PREFIX_HEADER = "BlurWithTimerAndMaskTest/BlurWithTimerAndMaskTest-Prefix.pch";
				GCC_PREPROCESSOR_DEFINITIONS = (
					"DEBUG=1",
					"$(inherited)",
				);
				INFOPLIST_FILE = "BlurWithTimerAndMaskTestTests/BlurWithTimerAndMaskTestTests-Info.plist";
				PRODUCT_NAME = "$(TARGET_NAME)";
				TEST_HOST = "$(BUNDLE_LOADER)";
				WRAPPER_EXTENSION = xctest;
			};
			name = Debug;
		};
		1F3C976218FC3B080029D725 /* Release */ = {
			isa = XCBuildConfiguration;
			buildSettings = {
				BUNDLE_LOADER = "$(BUILT_PRODUCTS_DIR)/BlurWithTimerAndMaskTest.app/BlurWithTimerAndMaskTest";
				FRAMEWORK_SEARCH_PATHS = (
					"$(SDKROOT)/Developer/Library/Frameworks",
					"$(inherited)",
					"$(DEVELOPER_FRAMEWORKS_DIR)",
				);
				GCC_PRECOMPILE_PREFIX_HEADER = YES;
				GCC_PREFIX_HEADER = "BlurWithTimerAndMaskTest/BlurWithTimerAndMaskTest-Prefix.pch";
				INFOPLIST_FILE = "BlurWithTimerAndMaskTestTests/BlurWithTimerAndMaskTestTests-Info.plist";
				PRODUCT_NAME = "$(TARGET_NAME)";
				TEST_HOST = "$(BUNDLE_LOADER)";
				WRAPPER_EXTENSION = xctest;
			};
			name = Release;
		};
/* End XCBuildConfiguration section */

/* Begin XCConfigurationList section */
		1F3C972C18FC3B080029D725 /* Build configuration list for PBXProject "BlurWithTimerAndMaskTest" */ = {
			isa = XCConfigurationList;
			buildConfigurations = (
				1F3C975B18FC3B080029D725 /* Debug */,
				1F3C975C18FC3B080029D725 /* Release */,
			);
			defaultConfigurationIsVisible = 0;
			defaultConfigurationName = Release;
		};
		1F3C975D18FC3B080029D725 /* Build configuration list for PBXNativeTarget "BlurWithTimerAndMaskTest" */ = {
			isa = XCConfigurationList;
			buildConfigurations = (
				1F3C975E18FC3B080029D725 /* Debug */,
				1F3C975F18FC3B080029D725 /* Release */,
			);
			defaultConfigurationIsVisible = 0;
		};
		1F3C976018FC3B080029D725 /* Build configuration list for PBXNativeTarget "BlurWithTimerAndMaskTestTests" */ = {
			isa = XCConfigurationList;
			buildConfigurations = (
				1F3C976118FC3B080029D725 /* Debug */,
				1F3C976218FC3B080029D725 /* Release */,
			);
			defaultConfigurationIsVisible = 0;
		};
/* End XCConfigurationList section */
	};
	rootObject = 1F3C972918FC3B080029D725 /* Project object */;
}
